// !$*UTF8*$!
{
	archiveVersion = 1;
	classes = {
	};
	objectVersion = 55;
	objects = {

/* Begin PBXBuildFile section */
		3B04D3942798190F00E2B755 /* SwiftPhoenixClient in Frameworks */ = {isa = PBXBuildFile; productRef = 3B04D3932798190F00E2B755 /* SwiftPhoenixClient */; };
		3B1642DB27A134C4008BBBA7 /* RoomController.swift in Sources */ = {isa = PBXBuildFile; fileRef = 3B1642DA27A134C4008BBBA7 /* RoomController.swift */; };
		3B16A1DC2796C42B0095941F /* RoomView.swift in Sources */ = {isa = PBXBuildFile; fileRef = 3B16A1BF2796C42B0095941F /* RoomView.swift */; };
		3B16A1DD2796C42B0095941F /* Assets.xcassets in Resources */ = {isa = PBXBuildFile; fileRef = 3B16A1C02796C42B0095941F /* Assets.xcassets */; };
		3B16A1DE2796C42B0095941F /* Preview Assets.xcassets in Resources */ = {isa = PBXBuildFile; fileRef = 3B16A1C22796C42B0095941F /* Preview Assets.xcassets */; };
		3B16A1DF2796C42B0095941F /* MembraneVideoroomDemoApp.swift in Sources */ = {isa = PBXBuildFile; fileRef = 3B16A1C32796C42B0095941F /* MembraneVideoroomDemoApp.swift */; };
		3B16A1E02796C42B0095941F /* Extensions.swift in Sources */ = {isa = PBXBuildFile; fileRef = 3B16A1C52796C42B0095941F /* Extensions.swift */; };
		3B16A1E12796C42B0095941F /* App.swift in Sources */ = {isa = PBXBuildFile; fileRef = 3B16A1C72796C42B0095941F /* App.swift */; };
		3B16A1E22796C42B0095941F /* ConnectView.swift in Sources */ = {isa = PBXBuildFile; fileRef = 3B16A1C92796C42B0095941F /* ConnectView.swift */; };
		3B16A1E32796C42B0095941F /* ContentView.swift in Sources */ = {isa = PBXBuildFile; fileRef = 3B16A1CA2796C42B0095941F /* ContentView.swift */; };
		3B601BF027ABD2FE00668122 /* ReplayKit.framework in Frameworks */ = {isa = PBXBuildFile; fileRef = 3B601BEF27ABD2FE00668122 /* ReplayKit.framework */; };
		3B601BF327ABD2FE00668122 /* SampleHandler.swift in Sources */ = {isa = PBXBuildFile; fileRef = 3B601BF227ABD2FE00668122 /* SampleHandler.swift */; };
		3B601BF727ABD2FE00668122 /* ScreenBroadcastExt.appex in Embed App Extensions */ = {isa = PBXBuildFile; fileRef = 3B601BED27ABD2FE00668122 /* ScreenBroadcastExt.appex */; settings = {ATTRIBUTES = (RemoveHeadersOnCopy, ); }; };
		3B601C0127ABF88A00668122 /* SwiftProtobuf in Frameworks */ = {isa = PBXBuildFile; productRef = 3B601C0027ABF88A00668122 /* SwiftProtobuf */; };
		3B84661B27A3E9A6009BF97D /* AdaptiveStack.swift in Sources */ = {isa = PBXBuildFile; fileRef = 3B84661A27A3E9A6009BF97D /* AdaptiveStack.swift */; };
		3B84661D27A3FB10009BF97D /* DeviceRotation.swift in Sources */ = {isa = PBXBuildFile; fileRef = 3B84661C27A3FB10009BF97D /* DeviceRotation.swift */; };
		3B89DD0627CFC40700D38D88 /* LocalTrackType.swift in Sources */ = {isa = PBXBuildFile; fileRef = 3B89DD0527CFC40600D38D88 /* LocalTrackType.swift */; };
		3BA235D727AC10C10070031E /* SwiftProtobuf in Frameworks */ = {isa = PBXBuildFile; productRef = 3BA235D627AC10C10070031E /* SwiftProtobuf */; };
		3BA235DB27AC1F600070031E /* FBLPromises in Frameworks */ = {isa = PBXBuildFile; productRef = 3BA235DA27AC1F600070031E /* FBLPromises */; };
		3BB35DA527D6177D00892A6E /* Constants.swift in Sources */ = {isa = PBXBuildFile; fileRef = 3BB35DA427D6177D00892A6E /* Constants.swift */; };
		3BB35DA727D61A7200892A6E /* README.md in Resources */ = {isa = PBXBuildFile; fileRef = 3BB35DA627D61A7100892A6E /* README.md */; };
		3BCCBEF627956E1500A0AD4C /* Logging in Frameworks */ = {isa = PBXBuildFile; productRef = 3BCCBEF527956E1500A0AD4C /* Logging */; };
		3BCCBEF92795701600A0AD4C /* Promises in Frameworks */ = {isa = PBXBuildFile; productRef = 3BCCBEF82795701600A0AD4C /* Promises */; };
		3BD7249327AAD3DE00AFE9D9 /* logo.png in Resources */ = {isa = PBXBuildFile; fileRef = 3BD7249227AAD3DE00AFE9D9 /* logo.png */; };
		3BDAC1E027A2FCE200A2BB0D /* ParticipantVideoView.swift in Sources */ = {isa = PBXBuildFile; fileRef = 3BDAC1DF27A2FCE200A2BB0D /* ParticipantVideoView.swift */; };
		44788B4E2A27A12C00C43DD4 /* MembraneRTC in Frameworks */ = {isa = PBXBuildFile; productRef = 44788B4D2A27A12C00C43DD4 /* MembraneRTC */; };
		44788B502A27A13100C43DD4 /* MembraneRTC in Frameworks */ = {isa = PBXBuildFile; productRef = 44788B4F2A27A13100C43DD4 /* MembraneRTC */; };
		44ACD3EF293FC0D1001197EC /* Debug.xcconfig in Resources */ = {isa = PBXBuildFile; fileRef = 44ACD3EE293FC0D1001197EC /* Debug.xcconfig */; };
		44ACD3F1293FCFA9001197EC /* Release.xcconfig in Resources */ = {isa = PBXBuildFile; fileRef = 44ACD3F0293FCFA9001197EC /* Release.xcconfig */; };
		44C0FE9A291595C700E61E9A /* PeerConnectionManagerTest.swift in Sources */ = {isa = PBXBuildFile; fileRef = 44C0FE99291595C700E61E9A /* PeerConnectionManagerTest.swift */; };
/* End PBXBuildFile section */

/* Begin PBXContainerItemProxy section */
		3B601BF527ABD2FE00668122 /* PBXContainerItemProxy */ = {
			isa = PBXContainerItemProxy;
			containerPortal = 3BCCBEB32795619500A0AD4C /* Project object */;
			proxyType = 1;
			remoteGlobalIDString = 3B601BEC27ABD2FE00668122;
			remoteInfo = MembraneVideoroomDemoScreensharing;
		};
		44C0FE9B291595C700E61E9A /* PBXContainerItemProxy */ = {
			isa = PBXContainerItemProxy;
			containerPortal = 3BCCBEB32795619500A0AD4C /* Project object */;
			proxyType = 1;
			remoteGlobalIDString = 3BCCBEBA2795619500A0AD4C;
			remoteInfo = MembraneVideoroomDemo;
		};
/* End PBXContainerItemProxy section */

/* Begin PBXCopyFilesBuildPhase section */
		3B601BFB27ABD2FE00668122 /* Embed App Extensions */ = {
			isa = PBXCopyFilesBuildPhase;
			buildActionMask = 2147483647;
			dstPath = "";
			dstSubfolderSpec = 13;
			files = (
				3B601BF727ABD2FE00668122 /* ScreenBroadcastExt.appex in Embed App Extensions */,
			);
			name = "Embed App Extensions";
			runOnlyForDeploymentPostprocessing = 0;
		};
/* End PBXCopyFilesBuildPhase section */

/* Begin PBXFileReference section */
		3B1642DA27A134C4008BBBA7 /* RoomController.swift */ = {isa = PBXFileReference; lastKnownFileType = sourcecode.swift; path = RoomController.swift; sourceTree = "<group>"; };
		3B16A1BF2796C42B0095941F /* RoomView.swift */ = {isa = PBXFileReference; fileEncoding = 4; lastKnownFileType = sourcecode.swift; path = RoomView.swift; sourceTree = "<group>"; };
		3B16A1C02796C42B0095941F /* Assets.xcassets */ = {isa = PBXFileReference; lastKnownFileType = folder.assetcatalog; path = Assets.xcassets; sourceTree = "<group>"; };
		3B16A1C22796C42B0095941F /* Preview Assets.xcassets */ = {isa = PBXFileReference; lastKnownFileType = folder.assetcatalog; path = "Preview Assets.xcassets"; sourceTree = "<group>"; };
		3B16A1C32796C42B0095941F /* MembraneVideoroomDemoApp.swift */ = {isa = PBXFileReference; fileEncoding = 4; lastKnownFileType = sourcecode.swift; path = MembraneVideoroomDemoApp.swift; sourceTree = "<group>"; };
		3B16A1C52796C42B0095941F /* Extensions.swift */ = {isa = PBXFileReference; fileEncoding = 4; lastKnownFileType = sourcecode.swift; path = Extensions.swift; sourceTree = "<group>"; };
		3B16A1C72796C42B0095941F /* App.swift */ = {isa = PBXFileReference; fileEncoding = 4; lastKnownFileType = sourcecode.swift; path = App.swift; sourceTree = "<group>"; };
		3B16A1C92796C42B0095941F /* ConnectView.swift */ = {isa = PBXFileReference; fileEncoding = 4; lastKnownFileType = sourcecode.swift; path = ConnectView.swift; sourceTree = "<group>"; };
		3B16A1CA2796C42B0095941F /* ContentView.swift */ = {isa = PBXFileReference; fileEncoding = 4; lastKnownFileType = sourcecode.swift; path = ContentView.swift; sourceTree = "<group>"; };
		3B601BED27ABD2FE00668122 /* ScreenBroadcastExt.appex */ = {isa = PBXFileReference; explicitFileType = "wrapper.app-extension"; includeInIndex = 0; path = ScreenBroadcastExt.appex; sourceTree = BUILT_PRODUCTS_DIR; };
		3B601BEF27ABD2FE00668122 /* ReplayKit.framework */ = {isa = PBXFileReference; lastKnownFileType = wrapper.framework; name = ReplayKit.framework; path = System/Library/Frameworks/ReplayKit.framework; sourceTree = SDKROOT; };
		3B601BF227ABD2FE00668122 /* SampleHandler.swift */ = {isa = PBXFileReference; lastKnownFileType = sourcecode.swift; path = SampleHandler.swift; sourceTree = "<group>"; };
		3B601BF427ABD2FE00668122 /* Info.plist */ = {isa = PBXFileReference; lastKnownFileType = text.plist.xml; path = Info.plist; sourceTree = "<group>"; };
		3B84661A27A3E9A6009BF97D /* AdaptiveStack.swift */ = {isa = PBXFileReference; lastKnownFileType = sourcecode.swift; path = AdaptiveStack.swift; sourceTree = "<group>"; };
		3B84661C27A3FB10009BF97D /* DeviceRotation.swift */ = {isa = PBXFileReference; lastKnownFileType = sourcecode.swift; path = DeviceRotation.swift; sourceTree = "<group>"; };
		3B89DD0527CFC40600D38D88 /* LocalTrackType.swift */ = {isa = PBXFileReference; lastKnownFileType = sourcecode.swift; path = LocalTrackType.swift; sourceTree = "<group>"; };
		3BA235D827AC15340070031E /* MembraneVideoroomDemoDebug.entitlements */ = {isa = PBXFileReference; lastKnownFileType = text.plist.entitlements; path = MembraneVideoroomDemoDebug.entitlements; sourceTree = "<group>"; };
		3BA235D927AC156E0070031E /* MembraneVideoroomDemoScreensharingDebug.entitlements */ = {isa = PBXFileReference; lastKnownFileType = text.plist.entitlements; path = MembraneVideoroomDemoScreensharingDebug.entitlements; sourceTree = "<group>"; };
		3BB35DA427D6177D00892A6E /* Constants.swift */ = {isa = PBXFileReference; lastKnownFileType = sourcecode.swift; path = Constants.swift; sourceTree = "<group>"; };
		3BB35DA627D61A7100892A6E /* README.md */ = {isa = PBXFileReference; fileEncoding = 4; lastKnownFileType = net.daringfireball.markdown; path = README.md; sourceTree = "<group>"; };
		3BCA53B927A0248900E3CABF /* Info.plist */ = {isa = PBXFileReference; lastKnownFileType = text.plist; path = Info.plist; sourceTree = "<group>"; };
		3BCCBEBB2795619500A0AD4C /* MembraneVideoroomDemo.app */ = {isa = PBXFileReference; explicitFileType = wrapper.application; includeInIndex = 0; path = MembraneVideoroomDemo.app; sourceTree = BUILT_PRODUCTS_DIR; };
		3BD7249227AAD3DE00AFE9D9 /* logo.png */ = {isa = PBXFileReference; lastKnownFileType = image.png; path = logo.png; sourceTree = "<group>"; };
		3BDAC1DF27A2FCE200A2BB0D /* ParticipantVideoView.swift */ = {isa = PBXFileReference; lastKnownFileType = sourcecode.swift; path = ParticipantVideoView.swift; sourceTree = "<group>"; };
		44ACD3EE293FC0D1001197EC /* Debug.xcconfig */ = {isa = PBXFileReference; lastKnownFileType = text.xcconfig; path = Debug.xcconfig; sourceTree = "<group>"; };
		44ACD3F0293FCFA9001197EC /* Release.xcconfig */ = {isa = PBXFileReference; lastKnownFileType = text.xcconfig; path = Release.xcconfig; sourceTree = "<group>"; };
		44C0FE97291595C700E61E9A /* MembraneRTCTest.xctest */ = {isa = PBXFileReference; explicitFileType = wrapper.cfbundle; includeInIndex = 0; path = MembraneRTCTest.xctest; sourceTree = BUILT_PRODUCTS_DIR; };
		44C0FE99291595C700E61E9A /* PeerConnectionManagerTest.swift */ = {isa = PBXFileReference; lastKnownFileType = sourcecode.swift; path = PeerConnectionManagerTest.swift; sourceTree = "<group>"; };
		C4887FE62A72BB7300056BCF /* membrane-webrtc-ios */ = {isa = PBXFileReference; lastKnownFileType = wrapper; path = "membrane-webrtc-ios"; sourceTree = "<group>"; };
/* End PBXFileReference section */

/* Begin PBXFrameworksBuildPhase section */
		3B601BEA27ABD2FE00668122 /* Frameworks */ = {
			isa = PBXFrameworksBuildPhase;
			buildActionMask = 2147483647;
			files = (
				3BA235DB27AC1F600070031E /* FBLPromises in Frameworks */,
				3B601BF027ABD2FE00668122 /* ReplayKit.framework in Frameworks */,
				3BA235D727AC10C10070031E /* SwiftProtobuf in Frameworks */,
				44788B502A27A13100C43DD4 /* MembraneRTC in Frameworks */,
			);
			runOnlyForDeploymentPostprocessing = 0;
		};
		3BCCBEB82795619500A0AD4C /* Frameworks */ = {
			isa = PBXFrameworksBuildPhase;
			buildActionMask = 2147483647;
			files = (
				44788B4E2A27A12C00C43DD4 /* MembraneRTC in Frameworks */,
				3BCCBEF627956E1500A0AD4C /* Logging in Frameworks */,
				3B04D3942798190F00E2B755 /* SwiftPhoenixClient in Frameworks */,
				3B601C0127ABF88A00668122 /* SwiftProtobuf in Frameworks */,
				3BCCBEF92795701600A0AD4C /* Promises in Frameworks */,
			);
			runOnlyForDeploymentPostprocessing = 0;
		};
		44C0FE94291595C700E61E9A /* Frameworks */ = {
			isa = PBXFrameworksBuildPhase;
			buildActionMask = 2147483647;
			files = (
			);
			runOnlyForDeploymentPostprocessing = 0;
		};
/* End PBXFrameworksBuildPhase section */

/* Begin PBXGroup section */
		2F1E4DF62A6EABE300C857F9 /* Packages */ = {
			isa = PBXGroup;
			children = (
				C4887FE62A72BB7300056BCF /* membrane-webrtc-ios */,
			);
			name = Packages;
			sourceTree = "<group>";
		};
		3B16A1BE2796C42B0095941F /* MembraneVideoroomDemo */ = {
			isa = PBXGroup;
			children = (
				3BA235D827AC15340070031E /* MembraneVideoroomDemoDebug.entitlements */,
				3BD7249227AAD3DE00AFE9D9 /* logo.png */,
				3BCA53B927A0248900E3CABF /* Info.plist */,
				3B16A1C02796C42B0095941F /* Assets.xcassets */,
				3B16A1C12796C42B0095941F /* Preview Content */,
				3B16A1C32796C42B0095941F /* MembraneVideoroomDemoApp.swift */,
				3B16A1C42796C42B0095941F /* Utilities */,
				3B16A1C62796C42B0095941F /* Controllers */,
				3B16A1C82796C42B0095941F /* Views */,
			);
			path = MembraneVideoroomDemo;
			sourceTree = "<group>";
		};
		3B16A1C12796C42B0095941F /* Preview Content */ = {
			isa = PBXGroup;
			children = (
				3B16A1C22796C42B0095941F /* Preview Assets.xcassets */,
			);
			path = "Preview Content";
			sourceTree = "<group>";
		};
		3B16A1C42796C42B0095941F /* Utilities */ = {
			isa = PBXGroup;
			children = (
				3B16A1C52796C42B0095941F /* Extensions.swift */,
				3B84661C27A3FB10009BF97D /* DeviceRotation.swift */,
				3B89DD0527CFC40600D38D88 /* LocalTrackType.swift */,
				3BB35DA427D6177D00892A6E /* Constants.swift */,
			);
			path = Utilities;
			sourceTree = "<group>";
		};
		3B16A1C62796C42B0095941F /* Controllers */ = {
			isa = PBXGroup;
			children = (
				3B1642DA27A134C4008BBBA7 /* RoomController.swift */,
				3B16A1C72796C42B0095941F /* App.swift */,
			);
			path = Controllers;
			sourceTree = "<group>";
		};
		3B16A1C82796C42B0095941F /* Views */ = {
			isa = PBXGroup;
			children = (
				3B84661927A3E967009BF97D /* Shared */,
				3B16A1C92796C42B0095941F /* ConnectView.swift */,
				3B16A1BF2796C42B0095941F /* RoomView.swift */,
				3BDAC1DF27A2FCE200A2BB0D /* ParticipantVideoView.swift */,
				3B16A1CA2796C42B0095941F /* ContentView.swift */,
			);
			path = Views;
			sourceTree = "<group>";
		};
		3B601BEE27ABD2FE00668122 /* Frameworks */ = {
			isa = PBXGroup;
			children = (
				3B601BEF27ABD2FE00668122 /* ReplayKit.framework */,
			);
			name = Frameworks;
			sourceTree = "<group>";
		};
		3B601BF127ABD2FE00668122 /* ScreenBroadcastExt */ = {
			isa = PBXGroup;
			children = (
				3B601BF227ABD2FE00668122 /* SampleHandler.swift */,
				3B601BF427ABD2FE00668122 /* Info.plist */,
			);
			path = ScreenBroadcastExt;
			sourceTree = "<group>";
		};
		3B84661927A3E967009BF97D /* Shared */ = {
			isa = PBXGroup;
			children = (
				3B84661A27A3E9A6009BF97D /* AdaptiveStack.swift */,
			);
			path = Shared;
			sourceTree = "<group>";
		};
		3BCCBEB22795619500A0AD4C = {
			isa = PBXGroup;
			children = (
				2F1E4DF62A6EABE300C857F9 /* Packages */,
				44ACD3F0293FCFA9001197EC /* Release.xcconfig */,
				44ACD3EE293FC0D1001197EC /* Debug.xcconfig */,
				3BB35DA627D61A7100892A6E /* README.md */,
				3BA235D927AC156E0070031E /* MembraneVideoroomDemoScreensharingDebug.entitlements */,
				3B16A1BE2796C42B0095941F /* MembraneVideoroomDemo */,
				3B601BF127ABD2FE00668122 /* ScreenBroadcastExt */,
				44C0FE98291595C700E61E9A /* MembraneRTCTest */,
				3B601BEE27ABD2FE00668122 /* Frameworks */,
				3BCCBEBC2795619500A0AD4C /* Products */,
			);
			sourceTree = "<group>";
		};
		3BCCBEBC2795619500A0AD4C /* Products */ = {
			isa = PBXGroup;
			children = (
				3BCCBEBB2795619500A0AD4C /* MembraneVideoroomDemo.app */,
				3B601BED27ABD2FE00668122 /* ScreenBroadcastExt.appex */,
				44C0FE97291595C700E61E9A /* MembraneRTCTest.xctest */,
			);
			name = Products;
			sourceTree = "<group>";
		};
		44C0FE98291595C700E61E9A /* MembraneRTCTest */ = {
			isa = PBXGroup;
			children = (
				44C0FE99291595C700E61E9A /* PeerConnectionManagerTest.swift */,
			);
			path = MembraneRTCTest;
			sourceTree = "<group>";
		};
/* End PBXGroup section */

/* Begin PBXNativeTarget section */
		3B601BEC27ABD2FE00668122 /* ScreenBroadcastExt */ = {
			isa = PBXNativeTarget;
			buildConfigurationList = 3B601BF827ABD2FE00668122 /* Build configuration list for PBXNativeTarget "ScreenBroadcastExt" */;
			buildPhases = (
				3B601BE927ABD2FE00668122 /* Sources */,
				3B601BEA27ABD2FE00668122 /* Frameworks */,
				3B601BEB27ABD2FE00668122 /* Resources */,
			);
			buildRules = (
			);
			dependencies = (
			);
			name = ScreenBroadcastExt;
			packageProductDependencies = (
				3BA235D627AC10C10070031E /* SwiftProtobuf */,
				3BA235DA27AC1F600070031E /* FBLPromises */,
				44788B4F2A27A13100C43DD4 /* MembraneRTC */,
			);
			productName = MembraneVideoroomDemoScreensharing;
			productReference = 3B601BED27ABD2FE00668122 /* ScreenBroadcastExt.appex */;
			productType = "com.apple.product-type.app-extension";
		};
		3BCCBEBA2795619500A0AD4C /* MembraneVideoroomDemo */ = {
			isa = PBXNativeTarget;
			buildConfigurationList = 3BCCBEC92795619600A0AD4C /* Build configuration list for PBXNativeTarget "MembraneVideoroomDemo" */;
			buildPhases = (
				44C1634328F4B940009D11A6 /* ShellScript */,
				3BCCBEB72795619500A0AD4C /* Sources */,
				3BCCBEB82795619500A0AD4C /* Frameworks */,
				3BCCBEB92795619500A0AD4C /* Resources */,
				3B601BFB27ABD2FE00668122 /* Embed App Extensions */,
			);
			buildRules = (
			);
			dependencies = (
				3B601BF627ABD2FE00668122 /* PBXTargetDependency */,
			);
			name = MembraneVideoroomDemo;
			packageProductDependencies = (
				3BCCBEF527956E1500A0AD4C /* Logging */,
				3BCCBEF82795701600A0AD4C /* Promises */,
				3B04D3932798190F00E2B755 /* SwiftPhoenixClient */,
				3B601C0027ABF88A00668122 /* SwiftProtobuf */,
				44788B4D2A27A12C00C43DD4 /* MembraneRTC */,
			);
			productName = MembraneVideoroomDemo;
			productReference = 3BCCBEBB2795619500A0AD4C /* MembraneVideoroomDemo.app */;
			productType = "com.apple.product-type.application";
		};
		44C0FE96291595C700E61E9A /* MembraneRTCTest */ = {
			isa = PBXNativeTarget;
			buildConfigurationList = 44C0FE9F291595C700E61E9A /* Build configuration list for PBXNativeTarget "MembraneRTCTest" */;
			buildPhases = (
				44C0FE93291595C700E61E9A /* Sources */,
				44C0FE94291595C700E61E9A /* Frameworks */,
				44C0FE95291595C700E61E9A /* Resources */,
			);
			buildRules = (
			);
			dependencies = (
				44C0FE9C291595C700E61E9A /* PBXTargetDependency */,
			);
			name = MembraneRTCTest;
			productName = MembraneRTCTest;
			productReference = 44C0FE97291595C700E61E9A /* MembraneRTCTest.xctest */;
			productType = "com.apple.product-type.bundle.unit-test";
		};
/* End PBXNativeTarget section */

/* Begin PBXProject section */
		3BCCBEB32795619500A0AD4C /* Project object */ = {
			isa = PBXProject;
			attributes = {
				BuildIndependentTargetsInParallel = 1;
				LastSwiftUpdateCheck = 1340;
				LastUpgradeCheck = 1320;
				TargetAttributes = {
					3B601BEC27ABD2FE00668122 = {
						CreatedOnToolsVersion = 13.2.1;
					};
					3BCCBEBA2795619500A0AD4C = {
						CreatedOnToolsVersion = 13.2.1;
					};
					44C0FE96291595C700E61E9A = {
						CreatedOnToolsVersion = 13.4;
						TestTargetID = 3BCCBEBA2795619500A0AD4C;
					};
				};
			};
			buildConfigurationList = 3BCCBEB62795619500A0AD4C /* Build configuration list for PBXProject "MembraneVideoroomDemo" */;
			compatibilityVersion = "Xcode 13.0";
			developmentRegion = en;
			hasScannedForEncodings = 0;
			knownRegions = (
				en,
				Base,
			);
			mainGroup = 3BCCBEB22795619500A0AD4C;
			packageReferences = (
				3BCCBEF427956E1500A0AD4C /* XCRemoteSwiftPackageReference "swift-log.git" */,
				3BCCBEF72795701600A0AD4C /* XCRemoteSwiftPackageReference "promises.git" */,
				3B04D3922798190F00E2B755 /* XCRemoteSwiftPackageReference "SwiftPhoenixClient.git" */,
				3B601BFF27ABF88A00668122 /* XCRemoteSwiftPackageReference "swift-protobuf.git" */,
			);
			productRefGroup = 3BCCBEBC2795619500A0AD4C /* Products */;
			projectDirPath = "";
			projectRoot = "";
			targets = (
				3BCCBEBA2795619500A0AD4C /* MembraneVideoroomDemo */,
				3B601BEC27ABD2FE00668122 /* ScreenBroadcastExt */,
				44C0FE96291595C700E61E9A /* MembraneRTCTest */,
			);
		};
/* End PBXProject section */

/* Begin PBXResourcesBuildPhase section */
		3B601BEB27ABD2FE00668122 /* Resources */ = {
			isa = PBXResourcesBuildPhase;
			buildActionMask = 2147483647;
			files = (
			);
			runOnlyForDeploymentPostprocessing = 0;
		};
		3BCCBEB92795619500A0AD4C /* Resources */ = {
			isa = PBXResourcesBuildPhase;
			buildActionMask = 2147483647;
			files = (
				3BD7249327AAD3DE00AFE9D9 /* logo.png in Resources */,
				3B16A1DE2796C42B0095941F /* Preview Assets.xcassets in Resources */,
				44ACD3F1293FCFA9001197EC /* Release.xcconfig in Resources */,
				3BB35DA727D61A7200892A6E /* README.md in Resources */,
				44ACD3EF293FC0D1001197EC /* Debug.xcconfig in Resources */,
				3B16A1DD2796C42B0095941F /* Assets.xcassets in Resources */,
			);
			runOnlyForDeploymentPostprocessing = 0;
		};
		44C0FE95291595C700E61E9A /* Resources */ = {
			isa = PBXResourcesBuildPhase;
			buildActionMask = 2147483647;
			files = (
			);
			runOnlyForDeploymentPostprocessing = 0;
		};
/* End PBXResourcesBuildPhase section */

/* Begin PBXShellScriptBuildPhase section */
		44C1634328F4B940009D11A6 /* ShellScript */ = {
			isa = PBXShellScriptBuildPhase;
			buildActionMask = 2147483647;
			files = (
			);
			inputFileListPaths = (
			);
			inputPaths = (
			);
			outputFileListPaths = (
			);
			outputPaths = (
			);
			runOnlyForDeploymentPostprocessing = 0;
			shellPath = /bin/sh;
			shellScript = "export PATH=\"$PATH:/opt/homebrew/bin\"\nif which swift-format >/dev/null; then\n    swift-format format -i -r ${PROJECT_DIR} --configuration swift-format-config.json\n    swift-format lint -r ${PROJECT_DIR} --configuration swift-format-config.json\nelse\n    echo \"warning: swift-format not installed\"\nfi\n";
		};
/* End PBXShellScriptBuildPhase section */

/* Begin PBXSourcesBuildPhase section */
		3B601BE927ABD2FE00668122 /* Sources */ = {
			isa = PBXSourcesBuildPhase;
			buildActionMask = 2147483647;
			files = (
				3B601BF327ABD2FE00668122 /* SampleHandler.swift in Sources */,
			);
			runOnlyForDeploymentPostprocessing = 0;
		};
		3BCCBEB72795619500A0AD4C /* Sources */ = {
			isa = PBXSourcesBuildPhase;
			buildActionMask = 2147483647;
			files = (
				3B16A1DC2796C42B0095941F /* RoomView.swift in Sources */,
				3BB35DA527D6177D00892A6E /* Constants.swift in Sources */,
				3BDAC1E027A2FCE200A2BB0D /* ParticipantVideoView.swift in Sources */,
				3B84661D27A3FB10009BF97D /* DeviceRotation.swift in Sources */,
				3B16A1E12796C42B0095941F /* App.swift in Sources */,
				3B16A1DF2796C42B0095941F /* MembraneVideoroomDemoApp.swift in Sources */,
				3B89DD0627CFC40700D38D88 /* LocalTrackType.swift in Sources */,
				3B16A1E02796C42B0095941F /* Extensions.swift in Sources */,
				3B16A1E22796C42B0095941F /* ConnectView.swift in Sources */,
				3B84661B27A3E9A6009BF97D /* AdaptiveStack.swift in Sources */,
				3B16A1E32796C42B0095941F /* ContentView.swift in Sources */,
				3B1642DB27A134C4008BBBA7 /* RoomController.swift in Sources */,
			);
			runOnlyForDeploymentPostprocessing = 0;
		};
		44C0FE93291595C700E61E9A /* Sources */ = {
			isa = PBXSourcesBuildPhase;
			buildActionMask = 2147483647;
			files = (
				44C0FE9A291595C700E61E9A /* PeerConnectionManagerTest.swift in Sources */,
			);
			runOnlyForDeploymentPostprocessing = 0;
		};
/* End PBXSourcesBuildPhase section */

/* Begin PBXTargetDependency section */
		3B601BF627ABD2FE00668122 /* PBXTargetDependency */ = {
			isa = PBXTargetDependency;
			target = 3B601BEC27ABD2FE00668122 /* ScreenBroadcastExt */;
			targetProxy = 3B601BF527ABD2FE00668122 /* PBXContainerItemProxy */;
		};
		44C0FE9C291595C700E61E9A /* PBXTargetDependency */ = {
			isa = PBXTargetDependency;
			target = 3BCCBEBA2795619500A0AD4C /* MembraneVideoroomDemo */;
			targetProxy = 44C0FE9B291595C700E61E9A /* PBXContainerItemProxy */;
		};
/* End PBXTargetDependency section */

/* Begin XCBuildConfiguration section */
		3B601BF927ABD2FE00668122 /* Debug */ = {
			isa = XCBuildConfiguration;
			buildSettings = {
				CODE_SIGN_ENTITLEMENTS = MembraneVideoroomDemoScreensharingDebug.entitlements;
				CODE_SIGN_STYLE = Automatic;
				CURRENT_PROJECT_VERSION = 1;
				DEVELOPMENT_TEAM = J5FM626PE2;
				GENERATE_INFOPLIST_FILE = YES;
				INFOPLIST_FILE = ScreenBroadcastExt/Info.plist;
				INFOPLIST_KEY_CFBundleDisplayName = ScreenBroadcastExt;
				INFOPLIST_KEY_NSHumanReadableCopyright = "";
				IPHONEOS_DEPLOYMENT_TARGET = 15.2;
				LD_RUNPATH_SEARCH_PATHS = (
					"$(inherited)",
					"@executable_path/Frameworks",
					"@executable_path/../../Frameworks",
				);
				MARKETING_VERSION = 1.0;
				PRODUCT_BUNDLE_IDENTIFIER = com.swmansion.MembraneVideoroomDemo.ScreenBroadcastExt;
				PRODUCT_NAME = "$(TARGET_NAME)";
				SKIP_INSTALL = YES;
				SWIFT_EMIT_LOC_STRINGS = YES;
				SWIFT_VERSION = 5.0;
				TARGETED_DEVICE_FAMILY = "1,2";
			};
			name = Debug;
		};
		3B601BFA27ABD2FE00668122 /* Release */ = {
			isa = XCBuildConfiguration;
			buildSettings = {
				CODE_SIGN_STYLE = Automatic;
				CURRENT_PROJECT_VERSION = 1;
				DEVELOPMENT_TEAM = J5FM626PE2;
				GENERATE_INFOPLIST_FILE = YES;
				INFOPLIST_FILE = ScreenBroadcastExt/Info.plist;
				INFOPLIST_KEY_CFBundleDisplayName = ScreenBroadcastExt;
				INFOPLIST_KEY_NSHumanReadableCopyright = "";
				IPHONEOS_DEPLOYMENT_TARGET = 15.2;
				LD_RUNPATH_SEARCH_PATHS = (
					"$(inherited)",
					"@executable_path/Frameworks",
					"@executable_path/../../Frameworks",
				);
				MARKETING_VERSION = 1.0;
				PRODUCT_BUNDLE_IDENTIFIER = com.dscout.MembraneVideoroomDemo.ScreenBroadcastExt;
				PRODUCT_NAME = "$(TARGET_NAME)";
				SKIP_INSTALL = YES;
				SWIFT_EMIT_LOC_STRINGS = YES;
				SWIFT_VERSION = 5.0;
				TARGETED_DEVICE_FAMILY = "1,2";
			};
			name = Release;
		};
		3BCCBEC72795619600A0AD4C /* Debug */ = {
			isa = XCBuildConfiguration;
			baseConfigurationReference = 44ACD3EE293FC0D1001197EC /* Debug.xcconfig */;
			buildSettings = {
				ALWAYS_SEARCH_USER_PATHS = NO;
				CLANG_ANALYZER_NONNULL = YES;
				CLANG_ANALYZER_NUMBER_OBJECT_CONVERSION = YES_AGGRESSIVE;
				CLANG_CXX_LANGUAGE_STANDARD = "gnu++17";
				CLANG_CXX_LIBRARY = "libc++";
				CLANG_ENABLE_MODULES = YES;
				CLANG_ENABLE_OBJC_ARC = YES;
				CLANG_ENABLE_OBJC_WEAK = YES;
				CLANG_WARN_BLOCK_CAPTURE_AUTORELEASING = YES;
				CLANG_WARN_BOOL_CONVERSION = YES;
				CLANG_WARN_COMMA = YES;
				CLANG_WARN_CONSTANT_CONVERSION = YES;
				CLANG_WARN_DEPRECATED_OBJC_IMPLEMENTATIONS = YES;
				CLANG_WARN_DIRECT_OBJC_ISA_USAGE = YES_ERROR;
				CLANG_WARN_DOCUMENTATION_COMMENTS = YES;
				CLANG_WARN_EMPTY_BODY = YES;
				CLANG_WARN_ENUM_CONVERSION = YES;
				CLANG_WARN_INFINITE_RECURSION = YES;
				CLANG_WARN_INT_CONVERSION = YES;
				CLANG_WARN_NON_LITERAL_NULL_CONVERSION = YES;
				CLANG_WARN_OBJC_IMPLICIT_RETAIN_SELF = YES;
				CLANG_WARN_OBJC_LITERAL_CONVERSION = YES;
				CLANG_WARN_OBJC_ROOT_CLASS = YES_ERROR;
				CLANG_WARN_QUOTED_INCLUDE_IN_FRAMEWORK_HEADER = YES;
				CLANG_WARN_RANGE_LOOP_ANALYSIS = YES;
				CLANG_WARN_STRICT_PROTOTYPES = YES;
				CLANG_WARN_SUSPICIOUS_MOVE = YES;
				CLANG_WARN_UNGUARDED_AVAILABILITY = YES_AGGRESSIVE;
				CLANG_WARN_UNREACHABLE_CODE = YES;
				CLANG_WARN__DUPLICATE_METHOD_MATCH = YES;
				COPY_PHASE_STRIP = NO;
				DEBUG_INFORMATION_FORMAT = dwarf;
				ENABLE_BITCODE = NO;
				ENABLE_STRICT_OBJC_MSGSEND = YES;
				ENABLE_TESTABILITY = YES;
				GCC_C_LANGUAGE_STANDARD = gnu11;
				GCC_DYNAMIC_NO_PIC = NO;
				GCC_NO_COMMON_BLOCKS = YES;
				GCC_OPTIMIZATION_LEVEL = 0;
				GCC_PREPROCESSOR_DEFINITIONS = (
					"DEBUG=1",
					"$(inherited)",
				);
				GCC_WARN_64_TO_32_BIT_CONVERSION = YES;
				GCC_WARN_ABOUT_RETURN_TYPE = YES_ERROR;
				GCC_WARN_UNDECLARED_SELECTOR = YES;
				GCC_WARN_UNINITIALIZED_AUTOS = YES_AGGRESSIVE;
				GCC_WARN_UNUSED_FUNCTION = YES;
				GCC_WARN_UNUSED_VARIABLE = YES;
				IPHONEOS_DEPLOYMENT_TARGET = 15.0;
				MTL_ENABLE_DEBUG_INFO = INCLUDE_SOURCE;
				MTL_FAST_MATH = YES;
				ONLY_ACTIVE_ARCH = YES;
				SDKROOT = iphoneos;
				SWIFT_ACTIVE_COMPILATION_CONDITIONS = DEBUG;
				SWIFT_OPTIMIZATION_LEVEL = "-Onone";
			};
			name = Debug;
		};
		3BCCBEC82795619600A0AD4C /* Release */ = {
			isa = XCBuildConfiguration;
			baseConfigurationReference = 44ACD3F0293FCFA9001197EC /* Release.xcconfig */;
			buildSettings = {
				ALWAYS_SEARCH_USER_PATHS = NO;
				CLANG_ANALYZER_NONNULL = YES;
				CLANG_ANALYZER_NUMBER_OBJECT_CONVERSION = YES_AGGRESSIVE;
				CLANG_CXX_LANGUAGE_STANDARD = "gnu++17";
				CLANG_CXX_LIBRARY = "libc++";
				CLANG_ENABLE_MODULES = YES;
				CLANG_ENABLE_OBJC_ARC = YES;
				CLANG_ENABLE_OBJC_WEAK = YES;
				CLANG_WARN_BLOCK_CAPTURE_AUTORELEASING = YES;
				CLANG_WARN_BOOL_CONVERSION = YES;
				CLANG_WARN_COMMA = YES;
				CLANG_WARN_CONSTANT_CONVERSION = YES;
				CLANG_WARN_DEPRECATED_OBJC_IMPLEMENTATIONS = YES;
				CLANG_WARN_DIRECT_OBJC_ISA_USAGE = YES_ERROR;
				CLANG_WARN_DOCUMENTATION_COMMENTS = YES;
				CLANG_WARN_EMPTY_BODY = YES;
				CLANG_WARN_ENUM_CONVERSION = YES;
				CLANG_WARN_INFINITE_RECURSION = YES;
				CLANG_WARN_INT_CONVERSION = YES;
				CLANG_WARN_NON_LITERAL_NULL_CONVERSION = YES;
				CLANG_WARN_OBJC_IMPLICIT_RETAIN_SELF = YES;
				CLANG_WARN_OBJC_LITERAL_CONVERSION = YES;
				CLANG_WARN_OBJC_ROOT_CLASS = YES_ERROR;
				CLANG_WARN_QUOTED_INCLUDE_IN_FRAMEWORK_HEADER = YES;
				CLANG_WARN_RANGE_LOOP_ANALYSIS = YES;
				CLANG_WARN_STRICT_PROTOTYPES = YES;
				CLANG_WARN_SUSPICIOUS_MOVE = YES;
				CLANG_WARN_UNGUARDED_AVAILABILITY = YES_AGGRESSIVE;
				CLANG_WARN_UNREACHABLE_CODE = YES;
				CLANG_WARN__DUPLICATE_METHOD_MATCH = YES;
				COPY_PHASE_STRIP = NO;
				DEBUG_INFORMATION_FORMAT = "dwarf-with-dsym";
				ENABLE_BITCODE = NO;
				ENABLE_NS_ASSERTIONS = NO;
				ENABLE_STRICT_OBJC_MSGSEND = YES;
				GCC_C_LANGUAGE_STANDARD = gnu11;
				GCC_NO_COMMON_BLOCKS = YES;
				GCC_WARN_64_TO_32_BIT_CONVERSION = YES;
				GCC_WARN_ABOUT_RETURN_TYPE = YES_ERROR;
				GCC_WARN_UNDECLARED_SELECTOR = YES;
				GCC_WARN_UNINITIALIZED_AUTOS = YES_AGGRESSIVE;
				GCC_WARN_UNUSED_FUNCTION = YES;
				GCC_WARN_UNUSED_VARIABLE = YES;
				IPHONEOS_DEPLOYMENT_TARGET = 15.0;
				MTL_ENABLE_DEBUG_INFO = NO;
				MTL_FAST_MATH = YES;
				SDKROOT = iphoneos;
				SWIFT_COMPILATION_MODE = wholemodule;
				SWIFT_OPTIMIZATION_LEVEL = "-O";
				VALIDATE_PRODUCT = YES;
			};
			name = Release;
		};
		3BCCBECA2795619600A0AD4C /* Debug */ = {
			isa = XCBuildConfiguration;
			buildSettings = {
				ALWAYS_EMBED_SWIFT_STANDARD_LIBRARIES = YES;
				ASSETCATALOG_COMPILER_APPICON_NAME = AppIcon;
				ASSETCATALOG_COMPILER_GLOBAL_ACCENT_COLOR_NAME = AccentColor;
				CODE_SIGN_ENTITLEMENTS = MembraneVideoroomDemo/MembraneVideoroomDemoDebug.entitlements;
				CODE_SIGN_STYLE = Automatic;
				CURRENT_PROJECT_VERSION = 1;
				DEVELOPMENT_ASSET_PATHS = "\"MembraneVideoroomDemo/Preview Content\"";
				DEVELOPMENT_TEAM = J5FM626PE2;
				ENABLE_PREVIEWS = YES;
				GENERATE_INFOPLIST_FILE = YES;
				INFOPLIST_FILE = MembraneVideoroomDemo/Info.plist;
				INFOPLIST_KEY_NSCameraUsageDescription = "Allow the app to record using your camera";
				INFOPLIST_KEY_NSMicrophoneUsageDescription = "Allow the app to record using your phone's microphone";
				INFOPLIST_KEY_UIApplicationSceneManifest_Generation = YES;
				INFOPLIST_KEY_UIApplicationSupportsIndirectInputEvents = YES;
				INFOPLIST_KEY_UILaunchScreen_Generation = YES;
				INFOPLIST_KEY_UISupportedInterfaceOrientations_iPad = "UIInterfaceOrientationPortrait UIInterfaceOrientationPortraitUpsideDown UIInterfaceOrientationLandscapeLeft UIInterfaceOrientationLandscapeRight";
				INFOPLIST_KEY_UISupportedInterfaceOrientations_iPhone = "UIInterfaceOrientationPortrait UIInterfaceOrientationLandscapeLeft UIInterfaceOrientationLandscapeRight";
				IPHONEOS_DEPLOYMENT_TARGET = 15.0;
				LD_RUNPATH_SEARCH_PATHS = (
					"$(inherited)",
					"@executable_path/Frameworks",
				);
				MARKETING_VERSION = 1.0;
				PRODUCT_BUNDLE_IDENTIFIER = com.swmansion.MembraneVideoroomDemo;
				PRODUCT_NAME = "$(TARGET_NAME)";
				SWIFT_EMIT_LOC_STRINGS = YES;
				SWIFT_VERSION = 5.0;
				TARGETED_DEVICE_FAMILY = "1,2";
			};
			name = Debug;
		};
		3BCCBECB2795619600A0AD4C /* Release */ = {
			isa = XCBuildConfiguration;
			buildSettings = {
				ALWAYS_EMBED_SWIFT_STANDARD_LIBRARIES = YES;
				ASSETCATALOG_COMPILER_APPICON_NAME = AppIcon;
				ASSETCATALOG_COMPILER_GLOBAL_ACCENT_COLOR_NAME = AccentColor;
				CODE_SIGN_STYLE = Automatic;
				CURRENT_PROJECT_VERSION = 1;
				DEVELOPMENT_ASSET_PATHS = "\"MembraneVideoroomDemo/Preview Content\"";
				DEVELOPMENT_TEAM = J5FM626PE2;
				ENABLE_PREVIEWS = YES;
				GENERATE_INFOPLIST_FILE = YES;
				INFOPLIST_FILE = MembraneVideoroomDemo/Info.plist;
				INFOPLIST_KEY_NSCameraUsageDescription = "Allow the app to record using your camera";
				INFOPLIST_KEY_NSMicrophoneUsageDescription = "Allow the app to record using your phone's microphone";
				INFOPLIST_KEY_UIApplicationSceneManifest_Generation = YES;
				INFOPLIST_KEY_UIApplicationSupportsIndirectInputEvents = YES;
				INFOPLIST_KEY_UILaunchScreen_Generation = YES;
				INFOPLIST_KEY_UISupportedInterfaceOrientations_iPad = "UIInterfaceOrientationPortrait UIInterfaceOrientationPortraitUpsideDown UIInterfaceOrientationLandscapeLeft UIInterfaceOrientationLandscapeRight";
				INFOPLIST_KEY_UISupportedInterfaceOrientations_iPhone = "UIInterfaceOrientationPortrait UIInterfaceOrientationLandscapeLeft UIInterfaceOrientationLandscapeRight";
				IPHONEOS_DEPLOYMENT_TARGET = 15.0;
				LD_RUNPATH_SEARCH_PATHS = (
					"$(inherited)",
					"@executable_path/Frameworks",
				);
				MARKETING_VERSION = 1.0;
				PRODUCT_BUNDLE_IDENTIFIER = com.dscout.MembraneVideoroomDemo;
				PRODUCT_NAME = "$(TARGET_NAME)";
				SWIFT_EMIT_LOC_STRINGS = YES;
				SWIFT_VERSION = 5.0;
				TARGETED_DEVICE_FAMILY = "1,2";
			};
			name = Release;
		};
		44C0FE9D291595C700E61E9A /* Debug */ = {
			isa = XCBuildConfiguration;
			buildSettings = {
				BUNDLE_LOADER = "$(TEST_HOST)";
				CODE_SIGN_STYLE = Automatic;
				CURRENT_PROJECT_VERSION = 1;
				DEVELOPMENT_TEAM = J5FM626PE2;
				GENERATE_INFOPLIST_FILE = YES;
				IPHONEOS_DEPLOYMENT_TARGET = 15.5;
				MARKETING_VERSION = 1.0;
				PRODUCT_BUNDLE_IDENTIFIER = com.swmansion.MembraneRTCTest;
				PRODUCT_NAME = "$(TARGET_NAME)";
				SWIFT_EMIT_LOC_STRINGS = NO;
				SWIFT_VERSION = 5.0;
				TARGETED_DEVICE_FAMILY = "1,2";
				TEST_HOST = "$(BUILT_PRODUCTS_DIR)/MembraneVideoroomDemo.app/MembraneVideoroomDemo";
			};
			name = Debug;
		};
		44C0FE9E291595C700E61E9A /* Release */ = {
			isa = XCBuildConfiguration;
			buildSettings = {
				BUNDLE_LOADER = "$(TEST_HOST)";
				CODE_SIGN_STYLE = Automatic;
				CURRENT_PROJECT_VERSION = 1;
				DEVELOPMENT_TEAM = J5FM626PE2;
				GENERATE_INFOPLIST_FILE = YES;
				IPHONEOS_DEPLOYMENT_TARGET = 15.5;
				MARKETING_VERSION = 1.0;
				PRODUCT_BUNDLE_IDENTIFIER = com.swmansion.MembraneRTCTest;
				PRODUCT_NAME = "$(TARGET_NAME)";
				SWIFT_EMIT_LOC_STRINGS = NO;
				SWIFT_VERSION = 5.0;
				TARGETED_DEVICE_FAMILY = "1,2";
				TEST_HOST = "$(BUILT_PRODUCTS_DIR)/MembraneVideoroomDemo.app/MembraneVideoroomDemo";
			};
			name = Release;
		};
/* End XCBuildConfiguration section */

/* Begin XCConfigurationList section */
		3B601BF827ABD2FE00668122 /* Build configuration list for PBXNativeTarget "ScreenBroadcastExt" */ = {
			isa = XCConfigurationList;
			buildConfigurations = (
				3B601BF927ABD2FE00668122 /* Debug */,
				3B601BFA27ABD2FE00668122 /* Release */,
			);
			defaultConfigurationIsVisible = 0;
			defaultConfigurationName = Debug;
		};
		3BCCBEB62795619500A0AD4C /* Build configuration list for PBXProject "MembraneVideoroomDemo" */ = {
			isa = XCConfigurationList;
			buildConfigurations = (
				3BCCBEC72795619600A0AD4C /* Debug */,
				3BCCBEC82795619600A0AD4C /* Release */,
			);
			defaultConfigurationIsVisible = 0;
			defaultConfigurationName = Debug;
		};
		3BCCBEC92795619600A0AD4C /* Build configuration list for PBXNativeTarget "MembraneVideoroomDemo" */ = {
			isa = XCConfigurationList;
			buildConfigurations = (
				3BCCBECA2795619600A0AD4C /* Debug */,
				3BCCBECB2795619600A0AD4C /* Release */,
			);
			defaultConfigurationIsVisible = 0;
			defaultConfigurationName = Debug;
		};
		44C0FE9F291595C700E61E9A /* Build configuration list for PBXNativeTarget "MembraneRTCTest" */ = {
			isa = XCConfigurationList;
			buildConfigurations = (
				44C0FE9D291595C700E61E9A /* Debug */,
				44C0FE9E291595C700E61E9A /* Release */,
			);
			defaultConfigurationIsVisible = 0;
			defaultConfigurationName = Debug;
		};
/* End XCConfigurationList section */

/* Begin XCRemoteSwiftPackageReference section */
		3B04D3922798190F00E2B755 /* XCRemoteSwiftPackageReference "SwiftPhoenixClient.git" */ = {
			isa = XCRemoteSwiftPackageReference;
			repositoryURL = "https://github.com/davidstump/SwiftPhoenixClient.git";
			requirement = {
				kind = upToNextMajorVersion;
				minimumVersion = 4.0.0;
			};
		};
		3B601BFF27ABF88A00668122 /* XCRemoteSwiftPackageReference "swift-protobuf.git" */ = {
			isa = XCRemoteSwiftPackageReference;
			repositoryURL = "https://github.com/apple/swift-protobuf.git";
			requirement = {
				kind = upToNextMajorVersion;
				minimumVersion = 1.0.0;
			};
		};
		3BCCBEF427956E1500A0AD4C /* XCRemoteSwiftPackageReference "swift-log.git" */ = {
			isa = XCRemoteSwiftPackageReference;
			repositoryURL = "https://github.com/apple/swift-log.git";
			requirement = {
				kind = upToNextMajorVersion;
				minimumVersion = 1.0.0;
			};
		};
		3BCCBEF72795701600A0AD4C /* XCRemoteSwiftPackageReference "promises.git" */ = {
			isa = XCRemoteSwiftPackageReference;
			repositoryURL = "https://github.com/google/promises.git";
			requirement = {
				kind = upToNextMajorVersion;
				minimumVersion = 2.0.0;
			};
		};
/* End XCRemoteSwiftPackageReference section */

/* Begin XCSwiftPackageProductDependency section */
		3B04D3932798190F00E2B755 /* SwiftPhoenixClient */ = {
			isa = XCSwiftPackageProductDependency;
			package = 3B04D3922798190F00E2B755 /* XCRemoteSwiftPackageReference "SwiftPhoenixClient.git" */;
			productName = SwiftPhoenixClient;
		};
		3B601C0027ABF88A00668122 /* SwiftProtobuf */ = {
			isa = XCSwiftPackageProductDependency;
			package = 3B601BFF27ABF88A00668122 /* XCRemoteSwiftPackageReference "swift-protobuf.git" */;
			productName = SwiftProtobuf;
		};
		3BA235D627AC10C10070031E /* SwiftProtobuf */ = {
			isa = XCSwiftPackageProductDependency;
			package = 3B601BFF27ABF88A00668122 /* XCRemoteSwiftPackageReference "swift-protobuf.git" */;
			productName = SwiftProtobuf;
		};
		3BA235DA27AC1F600070031E /* FBLPromises */ = {
			isa = XCSwiftPackageProductDependency;
			package = 3BCCBEF72795701600A0AD4C /* XCRemoteSwiftPackageReference "promises.git" */;
			productName = FBLPromises;
		};
		3BCCBEF527956E1500A0AD4C /* Logging */ = {
			isa = XCSwiftPackageProductDependency;
			package = 3BCCBEF427956E1500A0AD4C /* XCRemoteSwiftPackageReference "swift-log.git" */;
			productName = Logging;
		};
		3BCCBEF82795701600A0AD4C /* Promises */ = {
			isa = XCSwiftPackageProductDependency;
			package = 3BCCBEF72795701600A0AD4C /* XCRemoteSwiftPackageReference "promises.git" */;
			productName = Promises;
		};
		44788B4D2A27A12C00C43DD4 /* MembraneRTC */ = {
			isa = XCSwiftPackageProductDependency;
			productName = MembraneRTC;
		};
		44788B4F2A27A13100C43DD4 /* MembraneRTC */ = {
			isa = XCSwiftPackageProductDependency;
			productName = MembraneRTC;
		};
/* End XCSwiftPackageProductDependency section */
	};
	rootObject = 3BCCBEB32795619500A0AD4C /* Project object */;
}
